// !$*UTF8*$!
{
	archiveVersion = 1;
	classes = {
	};
	objectVersion = 56;
	objects = {

/* Begin PBXBuildFile section */
		CBFEB7D029AA42DD001A32BC /* AppDelegate.swift in Sources */ = {isa = PBXBuildFile; fileRef = CBFEB7CF29AA42DD001A32BC /* AppDelegate.swift */; };
		CBFEB7D229AA42DE001A32BC /* SceneDelegate.swift in Sources */ = {isa = PBXBuildFile; fileRef = CBFEB7D129AA42DE001A32BC /* SceneDelegate.swift */; };
		CBFEB7D429AA42DE001A32BC /* ViewController.swift in Sources */ = {isa = PBXBuildFile; fileRef = CBFEB7D329AA42DE001A32BC /* ViewController.swift */; };
		CBFEB7D729AA42DE001A32BC /* Main.storyboard in Resources */ = {isa = PBXBuildFile; fileRef = CBFEB7D529AA42DE001A32BC /* Main.storyboard */; };
		CBFEB7DA29AA42DE001A32BC /* CyryptoCrazy.xcdatamodeld in Sources */ = {isa = PBXBuildFile; fileRef = CBFEB7D829AA42DE001A32BC /* CyryptoCrazy.xcdatamodeld */; };
		CBFEB7DC29AA42DF001A32BC /* Assets.xcassets in Resources */ = {isa = PBXBuildFile; fileRef = CBFEB7DB29AA42DF001A32BC /* Assets.xcassets */; };
		CBFEB7DF29AA42DF001A32BC /* LaunchScreen.storyboard in Resources */ = {isa = PBXBuildFile; fileRef = CBFEB7DD29AA42DF001A32BC /* LaunchScreen.storyboard */; };
		CBFEB7E729AA451A001A32BC /* CryptoTableViewCell.swift in Sources */ = {isa = PBXBuildFile; fileRef = CBFEB7E629AA451A001A32BC /* CryptoTableViewCell.swift */; };
		CBFEB7F329AA4827001A32BC /* CryptoCurrency.swift in Sources */ = {isa = PBXBuildFile; fileRef = CBFEB7F229AA4827001A32BC /* CryptoCurrency.swift */; };
		CBFEB7F529AA4923001A32BC /* Webservice.swift in Sources */ = {isa = PBXBuildFile; fileRef = CBFEB7F429AA4923001A32BC /* Webservice.swift */; };
		CBFEB7F729AA749B001A32BC /* CryptoViewModel.swift in Sources */ = {isa = PBXBuildFile; fileRef = CBFEB7F629AA749B001A32BC /* CryptoViewModel.swift */; };
/* End PBXBuildFile section */

/* Begin PBXFileReference section */
		CBFEB7CC29AA42DD001A32BC /* CyryptoCrazy.app */ = {isa = PBXFileReference; explicitFileType = wrapper.application; includeInIndex = 0; path = CyryptoCrazy.app; sourceTree = BUILT_PRODUCTS_DIR; };
		CBFEB7CF29AA42DD001A32BC /* AppDelegate.swift */ = {isa = PBXFileReference; lastKnownFileType = sourcecode.swift; path = AppDelegate.swift; sourceTree = "<group>"; };
		CBFEB7D129AA42DE001A32BC /* SceneDelegate.swift */ = {isa = PBXFileReference; lastKnownFileType = sourcecode.swift; path = SceneDelegate.swift; sourceTree = "<group>"; };
		CBFEB7D329AA42DE001A32BC /* ViewController.swift */ = {isa = PBXFileReference; lastKnownFileType = sourcecode.swift; path = ViewController.swift; sourceTree = "<group>"; };
		CBFEB7D629AA42DE001A32BC /* Base */ = {isa = PBXFileReference; lastKnownFileType = file.storyboard; name = Base; path = Base.lproj/Main.storyboard; sourceTree = "<group>"; };
		CBFEB7D929AA42DE001A32BC /* CyryptoCrazy.xcdatamodel */ = {isa = PBXFileReference; lastKnownFileType = wrapper.xcdatamodel; path = CyryptoCrazy.xcdatamodel; sourceTree = "<group>"; };
		CBFEB7DB29AA42DF001A32BC /* Assets.xcassets */ = {isa = PBXFileReference; lastKnownFileType = folder.assetcatalog; path = Assets.xcassets; sourceTree = "<group>"; };
		CBFEB7DE29AA42DF001A32BC /* Base */ = {isa = PBXFileReference; lastKnownFileType = file.storyboard; name = Base; path = Base.lproj/LaunchScreen.storyboard; sourceTree = "<group>"; };
		CBFEB7E029AA42DF001A32BC /* Info.plist */ = {isa = PBXFileReference; lastKnownFileType = text.plist.xml; path = Info.plist; sourceTree = "<group>"; };
		CBFEB7E629AA451A001A32BC /* CryptoTableViewCell.swift */ = {isa = PBXFileReference; lastKnownFileType = sourcecode.swift; path = CryptoTableViewCell.swift; sourceTree = "<group>"; };
		CBFEB7F229AA4827001A32BC /* CryptoCurrency.swift */ = {isa = PBXFileReference; lastKnownFileType = sourcecode.swift; path = CryptoCurrency.swift; sourceTree = "<group>"; };
		CBFEB7F429AA4923001A32BC /* Webservice.swift */ = {isa = PBXFileReference; lastKnownFileType = sourcecode.swift; path = Webservice.swift; sourceTree = "<group>"; };
		CBFEB7F629AA749B001A32BC /* CryptoViewModel.swift */ = {isa = PBXFileReference; lastKnownFileType = sourcecode.swift; path = CryptoViewModel.swift; sourceTree = "<group>"; };
/* End PBXFileReference section */

/* Begin PBXFrameworksBuildPhase section */
		CBFEB7C929AA42DD001A32BC /* Frameworks */ = {
			isa = PBXFrameworksBuildPhase;
			buildActionMask = 2147483647;
			files = (
			);
			runOnlyForDeploymentPostprocessing = 0;
		};
/* End PBXFrameworksBuildPhase section */

/* Begin PBXGroup section */
		CBFEB7C329AA42DD001A32BC = {
			isa = PBXGroup;
			children = (
				CBFEB7CE29AA42DD001A32BC /* CyryptoCrazy */,
				CBFEB7CD29AA42DD001A32BC /* Products */,
			);
			sourceTree = "<group>";
		};
		CBFEB7CD29AA42DD001A32BC /* Products */ = {
			isa = PBXGroup;
			children = (
				CBFEB7CC29AA42DD001A32BC /* CyryptoCrazy.app */,
			);
			name = Products;
			sourceTree = "<group>";
		};
		CBFEB7CE29AA42DD001A32BC /* CyryptoCrazy */ = {
			isa = PBXGroup;
			children = (
				CBFEB7EB29AA474B001A32BC /* Service */,
				CBFEB7EA29AA4744001A32BC /* View Model */,
				CBFEB7E929AA473D001A32BC /* View */,
				CBFEB7E829AA4736001A32BC /* Model */,
				CBFEB7D529AA42DE001A32BC /* Main.storyboard */,
				CBFEB7DB29AA42DF001A32BC /* Assets.xcassets */,
				CBFEB7DD29AA42DF001A32BC /* LaunchScreen.storyboard */,
				CBFEB7E029AA42DF001A32BC /* Info.plist */,
				CBFEB7D829AA42DE001A32BC /* CyryptoCrazy.xcdatamodeld */,
			);
			path = CyryptoCrazy;
			sourceTree = "<group>";
		};
		CBFEB7E829AA4736001A32BC /* Model */ = {
			isa = PBXGroup;
			children = (
				CBFEB7F229AA4827001A32BC /* CryptoCurrency.swift */,
			);
			path = Model;
			sourceTree = "<group>";
		};
		CBFEB7E929AA473D001A32BC /* View */ = {
			isa = PBXGroup;
			children = (
				CBFEB7CF29AA42DD001A32BC /* AppDelegate.swift */,
				CBFEB7D129AA42DE001A32BC /* SceneDelegate.swift */,
				CBFEB7D329AA42DE001A32BC /* ViewController.swift */,
				CBFEB7E629AA451A001A32BC /* CryptoTableViewCell.swift */,
			);
			path = View;
			sourceTree = "<group>";
		};
		CBFEB7EA29AA4744001A32BC /* View Model */ = {
			isa = PBXGroup;
			children = (
				CBFEB7F629AA749B001A32BC /* CryptoViewModel.swift */,
			);
			path = "View Model";
			sourceTree = "<group>";
		};
		CBFEB7EB29AA474B001A32BC /* Service */ = {
			isa = PBXGroup;
			children = (
				CBFEB7F429AA4923001A32BC /* Webservice.swift */,
			);
			path = Service;
			sourceTree = "<group>";
		};
/* End PBXGroup section */

/* Begin PBXNativeTarget section */
		CBFEB7CB29AA42DD001A32BC /* CyryptoCrazy */ = {
			isa = PBXNativeTarget;
			buildConfigurationList = CBFEB7E329AA42DF001A32BC /* Build configuration list for PBXNativeTarget "CyryptoCrazy" */;
			buildPhases = (
				CBFEB7C829AA42DD001A32BC /* Sources */,
				CBFEB7C929AA42DD001A32BC /* Frameworks */,
				CBFEB7CA29AA42DD001A32BC /* Resources */,
			);
			buildRules = (
			);
			dependencies = (
			);
			name = CyryptoCrazy;
			productName = CyryptoCrazy;
			productReference = CBFEB7CC29AA42DD001A32BC /* CyryptoCrazy.app */;
			productType = "com.apple.product-type.application";
		};
/* End PBXNativeTarget section */

/* Begin PBXProject section */
		CBFEB7C429AA42DD001A32BC /* Project object */ = {
			isa = PBXProject;
			attributes = {
				BuildIndependentTargetsInParallel = 1;
				LastSwiftUpdateCheck = 1420;
				LastUpgradeCheck = 1420;
				TargetAttributes = {
					CBFEB7CB29AA42DD001A32BC = {
						CreatedOnToolsVersion = 14.2;
					};
				};
			};
			buildConfigurationList = CBFEB7C729AA42DD001A32BC /* Build configuration list for PBXProject "CyryptoCrazy" */;
			compatibilityVersion = "Xcode 14.0";
			developmentRegion = en;
			hasScannedForEncodings = 0;
			knownRegions = (
				en,
				Base,
			);
			mainGroup = CBFEB7C329AA42DD001A32BC;
			productRefGroup = CBFEB7CD29AA42DD001A32BC /* Products */;
			projectDirPath = "";
			projectRoot = "";
			targets = (
				CBFEB7CB29AA42DD001A32BC /* CyryptoCrazy */,
			);
		};
/* End PBXProject section */

/* Begin PBXResourcesBuildPhase section */
		CBFEB7CA29AA42DD001A32BC /* Resources */ = {
			isa = PBXResourcesBuildPhase;
			buildActionMask = 2147483647;
			files = (
				CBFEB7DF29AA42DF001A32BC /* LaunchScreen.storyboard in Resources */,
				CBFEB7DC29AA42DF001A32BC /* Assets.xcassets in Resources */,
				CBFEB7D729AA42DE001A32BC /* Main.storyboard in Resources */,
			);
			runOnlyForDeploymentPostprocessing = 0;
		};
/* End PBXResourcesBuildPhase section */

/* Begin PBXSourcesBuildPhase section */
		CBFEB7C829AA42DD001A32BC /* Sources */ = {
			isa = PBXSourcesBuildPhase;
			buildActionMask = 2147483647;
			files = (
				CBFEB7DA29AA42DE001A32BC /* CyryptoCrazy.xcdatamodeld in Sources */,
				CBFEB7F529AA4923001A32BC /* Webservice.swift in Sources */,
				CBFEB7F329AA4827001A32BC /* CryptoCurrency.swift in Sources */,
				CBFEB7D429AA42DE001A32BC /* ViewController.swift in Sources */,
				CBFEB7D029AA42DD001A32BC /* AppDelegate.swift in Sources */,
				CBFEB7F729AA749B001A32BC /* CryptoViewModel.swift in Sources */,
				CBFEB7E729AA451A001A32BC /* CryptoTableViewCell.swift in Sources */,
				CBFEB7D229AA42DE001A32BC /* SceneDelegate.swift in Sources */,
			);
			runOnlyForDeploymentPostprocessing = 0;
		};
/* End PBXSourcesBuildPhase section */

/* Begin PBXVariantGroup section */
		CBFEB7D529AA42DE001A32BC /* Main.storyboard */ = {
			isa = PBXVariantGroup;
			children = (
				CBFEB7D629AA42DE001A32BC /* Base */,
			);
			name = Main.storyboard;
			sourceTree = "<group>";
		};
		CBFEB7DD29AA42DF001A32BC /* LaunchScreen.storyboard */ = {
			isa = PBXVariantGroup;
			children = (
				CBFEB7DE29AA42DF001A32BC /* Base */,
			);
			name = LaunchScreen.storyboard;
			sourceTree = "<group>";
		};
/* End PBXVariantGroup section */

/* Begin XCBuildConfiguration section */
		CBFEB7E129AA42DF001A32BC /* Debug */ = {
			isa = XCBuildConfiguration;
			buildSettings = {
				ALWAYS_SEARCH_USER_PATHS = NO;
				CLANG_ANALYZER_NONNULL = YES;
				CLANG_ANALYZER_NUMBER_OBJECT_CONVERSION = YES_AGGRESSIVE;
				CLANG_CXX_LANGUAGE_STANDARD = "gnu++20";
				CLANG_ENABLE_MODULES = YES;
				CLANG_ENABLE_OBJC_ARC = YES;
				CLANG_ENABLE_OBJC_WEAK = YES;
				CLANG_WARN_BLOCK_CAPTURE_AUTORELEASING = YES;
				CLANG_WARN_BOOL_CONVERSION = YES;
				CLANG_WARN_COMMA = YES;
				CLANG_WARN_CONSTANT_CONVERSION = YES;
				CLANG_WARN_DEPRECATED_OBJC_IMPLEMENTATIONS = YES;
				CLANG_WARN_DIRECT_OBJC_ISA_USAGE = YES_ERROR;
				CLANG_WARN_DOCUMENTATION_COMMENTS = YES;
				CLANG_WARN_EMPTY_BODY = YES;
				CLANG_WARN_ENUM_CONVERSION = YES;
				CLANG_WARN_INFINITE_RECURSION = YES;
				CLANG_WARN_INT_CONVERSION = YES;
				CLANG_WARN_NON_LITERAL_NULL_CONVERSION = YES;
				CLANG_WARN_OBJC_IMPLICIT_RETAIN_SELF = YES;
				CLANG_WARN_OBJC_LITERAL_CONVERSION = YES;
				CLANG_WARN_OBJC_ROOT_CLASS = YES_ERROR;
				CLANG_WARN_QUOTED_INCLUDE_IN_FRAMEWORK_HEADER = YES;
				CLANG_WARN_RANGE_LOOP_ANALYSIS = YES;
				CLANG_WARN_STRICT_PROTOTYPES = YES;
				CLANG_WARN_SUSPICIOUS_MOVE = YES;
				CLANG_WARN_UNGUARDED_AVAILABILITY = YES_AGGRESSIVE;
				CLANG_WARN_UNREACHABLE_CODE = YES;
				CLANG_WARN__DUPLICATE_METHOD_MATCH = YES;
				COPY_PHASE_STRIP = NO;
				DEBUG_INFORMATION_FORMAT = dwarf;
				ENABLE_STRICT_OBJC_MSGSEND = YES;
				ENABLE_TESTABILITY = YES;
				GCC_C_LANGUAGE_STANDARD = gnu11;
				GCC_DYNAMIC_NO_PIC = NO;
				GCC_NO_COMMON_BLOCKS = YES;
				GCC_OPTIMIZATION_LEVEL = 0;
				GCC_PREPROCESSOR_DEFINITIONS = (
					"DEBUG=1",
					"$(inherited)",
				);
				GCC_WARN_64_TO_32_BIT_CONVERSION = YES;
				GCC_WARN_ABOUT_RETURN_TYPE = YES_ERROR;
				GCC_WARN_UNDECLARED_SELECTOR = YES;
				GCC_WARN_UNINITIALIZED_AUTOS = YES_AGGRESSIVE;
				GCC_WARN_UNUSED_FUNCTION = YES;
				GCC_WARN_UNUSED_VARIABLE = YES;
				IPHONEOS_DEPLOYMENT_TARGET = 16.2;
				MTL_ENABLE_DEBUG_INFO = INCLUDE_SOURCE;
				MTL_FAST_MATH = YES;
				ONLY_ACTIVE_ARCH = YES;
				SDKROOT = iphoneos;
				SWIFT_ACTIVE_COMPILATION_CONDITIONS = DEBUG;
				SWIFT_OPTIMIZATION_LEVEL = "-Onone";
			};
			name = Debug;
		};
		CBFEB7E229AA42DF001A32BC /* Release */ = {
			isa = XCBuildConfiguration;
			buildSettings = {
				ALWAYS_SEARCH_USER_PATHS = NO;
				CLANG_ANALYZER_NONNULL = YES;
				CLANG_ANALYZER_NUMBER_OBJECT_CONVERSION = YES_AGGRESSIVE;
				CLANG_CXX_LANGUAGE_STANDARD = "gnu++20";
				CLANG_ENABLE_MODULES = YES;
				CLANG_ENABLE_OBJC_ARC = YES;
				CLANG_ENABLE_OBJC_WEAK = YES;
				CLANG_WARN_BLOCK_CAPTURE_AUTORELEASING = YES;
				CLANG_WARN_BOOL_CONVERSION = YES;
				CLANG_WARN_COMMA = YES;
				CLANG_WARN_CONSTANT_CONVERSION = YES;
				CLANG_WARN_DEPRECATED_OBJC_IMPLEMENTATIONS = YES;
				CLANG_WARN_DIRECT_OBJC_ISA_USAGE = YES_ERROR;
				CLANG_WARN_DOCUMENTATION_COMMENTS = YES;
				CLANG_WARN_EMPTY_BODY = YES;
				CLANG_WARN_ENUM_CONVERSION = YES;
				CLANG_WARN_INFINITE_RECURSION = YES;
				CLANG_WARN_INT_CONVERSION = YES;
				CLANG_WARN_NON_LITERAL_NULL_CONVERSION = YES;
				CLANG_WARN_OBJC_IMPLICIT_RETAIN_SELF = YES;
				CLANG_WARN_OBJC_LITERAL_CONVERSION = YES;
				CLANG_WARN_OBJC_ROOT_CLASS = YES_ERROR;
				CLANG_WARN_QUOTED_INCLUDE_IN_FRAMEWORK_HEADER = YES;
				CLANG_WARN_RANGE_LOOP_ANALYSIS = YES;
				CLANG_WARN_STRICT_PROTOTYPES = YES;
				CLANG_WARN_SUSPICIOUS_MOVE = YES;
				CLANG_WARN_UNGUARDED_AVAILABILITY = YES_AGGRESSIVE;
				CLANG_WARN_UNREACHABLE_CODE = YES;
				CLANG_WARN__DUPLICATE_METHOD_MATCH = YES;
				COPY_PHASE_STRIP = NO;
				DEBUG_INFORMATION_FORMAT = "dwarf-with-dsym";
				ENABLE_NS_ASSERTIONS = NO;
				ENABLE_STRICT_OBJC_MSGSEND = YES;
				GCC_C_LANGUAGE_STANDARD = gnu11;
				GCC_NO_COMMON_BLOCKS = YES;
				GCC_WARN_64_TO_32_BIT_CONVERSION = YES;
				GCC_WARN_ABOUT_RETURN_TYPE = YES_ERROR;
				GCC_WARN_UNDECLARED_SELECTOR = YES;
				GCC_WARN_UNINITIALIZED_AUTOS = YES_AGGRESSIVE;
				GCC_WARN_UNUSED_FUNCTION = YES;
				GCC_WARN_UNUSED_VARIABLE = YES;
				IPHONEOS_DEPLOYMENT_TARGET = 16.2;
				MTL_ENABLE_DEBUG_INFO = NO;
				MTL_FAST_MATH = YES;
				SDKROOT = iphoneos;
				SWIFT_COMPILATION_MODE = wholemodule;
				SWIFT_OPTIMIZATION_LEVEL = "-O";
				VALIDATE_PRODUCT = YES;
			};
			name = Release;
		};
		CBFEB7E429AA42DF001A32BC /* Debug */ = {
			isa = XCBuildConfiguration;
			buildSettings = {
				ASSETCATALOG_COMPILER_APPICON_NAME = AppIcon;
				ASSETCATALOG_COMPILER_GLOBAL_ACCENT_COLOR_NAME = AccentColor;
				CODE_SIGN_STYLE = Automatic;
				CURRENT_PROJECT_VERSION = 1;
				DEVELOPMENT_TEAM = QQ8ATD63BM;
				GENERATE_INFOPLIST_FILE = YES;
				INFOPLIST_FILE = CyryptoCrazy/Info.plist;
				INFOPLIST_KEY_UIApplicationSupportsIndirectInputEvents = YES;
				INFOPLIST_KEY_UILaunchStoryboardName = LaunchScreen;
				INFOPLIST_KEY_UIMainStoryboardFile = Main;
				INFOPLIST_KEY_UISupportedInterfaceOrientations_iPad = "UIInterfaceOrientationPortrait UIInterfaceOrientationPortraitUpsideDown UIInterfaceOrientationLandscapeLeft UIInterfaceOrientationLandscapeRight";
				INFOPLIST_KEY_UISupportedInterfaceOrientations_iPhone = "UIInterfaceOrientationPortrait UIInterfaceOrientationLandscapeLeft UIInterfaceOrientationLandscapeRight";
				LD_RUNPATH_SEARCH_PATHS = (
					"$(inherited)",
					"@executable_path/Frameworks",
				);
				MARKETING_VERSION = 1.0;
				PRODUCT_BUNDLE_IDENTIFIER = com.nurkilcadir.CyryptoCrazy;
				PRODUCT_NAME = "$(TARGET_NAME)";
				SWIFT_EMIT_LOC_STRINGS = YES;
				SWIFT_VERSION = 5.0;
				TARGETED_DEVICE_FAMILY = "1,2";
			};
			name = Debug;
		};
		CBFEB7E529AA42DF001A32BC /* Release */ = {
			isa = XCBuildConfiguration;
			buildSettings = {
				ASSETCATALOG_COMPILER_APPICON_NAME = AppIcon;
				ASSETCATALOG_COMPILER_GLOBAL_ACCENT_COLOR_NAME = AccentColor;
				CODE_SIGN_STYLE = Automatic;
				CURRENT_PROJECT_VERSION = 1;
				DEVELOPMENT_TEAM = QQ8ATD63BM;
				GENERATE_INFOPLIST_FILE = YES;
				INFOPLIST_FILE = CyryptoCrazy/Info.plist;
				INFOPLIST_KEY_UIApplicationSupportsIndirectInputEvents = YES;
				INFOPLIST_KEY_UILaunchStoryboardName = LaunchScreen;
				INFOPLIST_KEY_UIMainStoryboardFile = Main;
				INFOPLIST_KEY_UISupportedInterfaceOrientations_iPad = "UIInterfaceOrientationPortrait UIInterfaceOrientationPortraitUpsideDown UIInterfaceOrientationLandscapeLeft UIInterfaceOrientationLandscapeRight";
				INFOPLIST_KEY_UISupportedInterfaceOrientations_iPhone = "UIInterfaceOrientationPortrait UIInterfaceOrientationLandscapeLeft UIInterfaceOrientationLandscapeRight";
				LD_RUNPATH_SEARCH_PATHS = (
					"$(inherited)",
					"@executable_path/Frameworks",
				);
				MARKETING_VERSION = 1.0;
				PRODUCT_BUNDLE_IDENTIFIER = com.nurkilcadir.CyryptoCrazy;
				PRODUCT_NAME = "$(TARGET_NAME)";
				SWIFT_EMIT_LOC_STRINGS = YES;
				SWIFT_VERSION = 5.0;
				TARGETED_DEVICE_FAMILY = "1,2";
			};
			name = Release;
		};
/* End XCBuildConfiguration section */

/* Begin XCConfigurationList section */
		CBFEB7C729AA42DD001A32BC /* Build configuration list for PBXProject "CyryptoCrazy" */ = {
			isa = XCConfigurationList;
			buildConfigurations = (
				CBFEB7E129AA42DF001A32BC /* Debug */,
				CBFEB7E229AA42DF001A32BC /* Release */,
			);
			defaultConfigurationIsVisible = 0;
			defaultConfigurationName = Release;
		};
		CBFEB7E329AA42DF001A32BC /* Build configuration list for PBXNativeTarget "CyryptoCrazy" */ = {
			isa = XCConfigurationList;
			buildConfigurations = (
				CBFEB7E429AA42DF001A32BC /* Debug */,
				CBFEB7E529AA42DF001A32BC /* Release */,
			);
			defaultConfigurationIsVisible = 0;
			defaultConfigurationName = Release;
		};
/* End XCConfigurationList section */

/* Begin XCVersionGroup section */
		CBFEB7D829AA42DE001A32BC /* CyryptoCrazy.xcdatamodeld */ = {
			isa = XCVersionGroup;
			children = (
				CBFEB7D929AA42DE001A32BC /* CyryptoCrazy.xcdatamodel */,
			);
			currentVersion = CBFEB7D929AA42DE001A32BC /* CyryptoCrazy.xcdatamodel */;
			path = CyryptoCrazy.xcdatamodeld;
			sourceTree = "<group>";
			versionGroupType = wrapper.xcdatamodel;
		};
/* End XCVersionGroup section */
	};
	rootObject = CBFEB7C429AA42DD001A32BC /* Project object */;
}
